{
  "name": "gitpod-webdav-test",
  "version": "1.0.0",
  "lockfileVersion": 2,
  "requires": true,
  "packages": {
    "": {
      "version": "1.0.0",
      "license": "ISC",
      "dependencies": {
        "esbuild": "^0.8.55"
      }
    },
    "node_modules/esbuild": {
      "version": "0.8.55",
      "resolved": "https://registry.npmjs.org/esbuild/-/esbuild-0.8.55.tgz",
      "integrity": "sha512-mM/s7hjYe5mQR+zAWOM5JVrCtYCke182E9l1Bbs6rG5EDP3b1gZF9sHZka53PD/iNt6OccymVZRWkTtBfcKW4w==",
      "hasInstallScript": true,
      "bin": {
        "esbuild": "bin/esbuild"
      }
    }
  },
  "dependencies": {
    "esbuild": {
      "version": "0.8.55",
      "resolved": "https://registry.npmjs.org/esbuild/-/esbuild-0.8.55.tgz",
      "integrity": "sha512-mM/s7hjYe5mQR+zAWOM5JVrCtYCke182E9l1Bbs6rG5EDP3b1gZF9sHZka53PD/iNt6OccymVZRWkTtBfcKW4w=="
    }
  }
}
